// !$*UTF8*$!
{
	archiveVersion = 1;
	classes = {
	};
	objectVersion = 48;
	objects = {

/* Begin PBXBuildFile section */
		2931709C4E911BA00F1492FA /* Pods_Todey.framework in Frameworks */ = {isa = PBXBuildFile; fileRef = AC4236A8B4470599F9A84177 /* Pods_Todey.framework */; };
		7F2B15B9204C64DC00A6B9C2 /* Item.swift in Sources */ = {isa = PBXBuildFile; fileRef = 7F2B15B8204C64DC00A6B9C2 /* Item.swift */; };
		7F2B15BB204C64E900A6B9C2 /* Category.swift in Sources */ = {isa = PBXBuildFile; fileRef = 7F2B15BA204C64E900A6B9C2 /* Category.swift */; };
		7F42FFBC203DE456002E5606 /* AppDelegate.swift in Sources */ = {isa = PBXBuildFile; fileRef = 7F42FFBB203DE456002E5606 /* AppDelegate.swift */; };
		7F42FFBE203DE456002E5606 /* ToDoListViewController.swift in Sources */ = {isa = PBXBuildFile; fileRef = 7F42FFBD203DE456002E5606 /* ToDoListViewController.swift */; };
		7F42FFC1203DE456002E5606 /* Main.storyboard in Resources */ = {isa = PBXBuildFile; fileRef = 7F42FFBF203DE456002E5606 /* Main.storyboard */; };
		7F42FFC3203DE456002E5606 /* Assets.xcassets in Resources */ = {isa = PBXBuildFile; fileRef = 7F42FFC2203DE456002E5606 /* Assets.xcassets */; };
		7F42FFC6203DE456002E5606 /* LaunchScreen.storyboard in Resources */ = {isa = PBXBuildFile; fileRef = 7F42FFC4203DE456002E5606 /* LaunchScreen.storyboard */; };
		7F6AA786204850D800BB892F /* CategoryTableViewController.swift in Sources */ = {isa = PBXBuildFile; fileRef = 7F6AA785204850D800BB892F /* CategoryTableViewController.swift */; };
/* End PBXBuildFile section */

/* Begin PBXFileReference section */
		7F2B15B8204C64DC00A6B9C2 /* Item.swift */ = {isa = PBXFileReference; lastKnownFileType = sourcecode.swift; path = Item.swift; sourceTree = "<group>"; };
		7F2B15BA204C64E900A6B9C2 /* Category.swift */ = {isa = PBXFileReference; lastKnownFileType = sourcecode.swift; path = Category.swift; sourceTree = "<group>"; };
		7F42FFB8203DE456002E5606 /* Todey.app */ = {isa = PBXFileReference; explicitFileType = wrapper.application; includeInIndex = 0; path = Todey.app; sourceTree = BUILT_PRODUCTS_DIR; };
		7F42FFBB203DE456002E5606 /* AppDelegate.swift */ = {isa = PBXFileReference; lastKnownFileType = sourcecode.swift; path = AppDelegate.swift; sourceTree = "<group>"; };
		7F42FFBD203DE456002E5606 /* ToDoListViewController.swift */ = {isa = PBXFileReference; lastKnownFileType = sourcecode.swift; path = ToDoListViewController.swift; sourceTree = "<group>"; };
		7F42FFC0203DE456002E5606 /* Base */ = {isa = PBXFileReference; lastKnownFileType = file.storyboard; name = Base; path = Base.lproj/Main.storyboard; sourceTree = "<group>"; };
		7F42FFC2203DE456002E5606 /* Assets.xcassets */ = {isa = PBXFileReference; lastKnownFileType = folder.assetcatalog; path = Assets.xcassets; sourceTree = "<group>"; };
		7F42FFC5203DE456002E5606 /* Base */ = {isa = PBXFileReference; lastKnownFileType = file.storyboard; name = Base; path = Base.lproj/LaunchScreen.storyboard; sourceTree = "<group>"; };
		7F42FFC7203DE456002E5606 /* Info.plist */ = {isa = PBXFileReference; lastKnownFileType = text.plist.xml; path = Info.plist; sourceTree = "<group>"; };
		7F6AA785204850D800BB892F /* CategoryTableViewController.swift */ = {isa = PBXFileReference; lastKnownFileType = sourcecode.swift; path = CategoryTableViewController.swift; sourceTree = "<group>"; };
		8D853C608C0B73B89A3C3DBE /* Pods-Todey.release.xcconfig */ = {isa = PBXFileReference; includeInIndex = 1; lastKnownFileType = text.xcconfig; name = "Pods-Todey.release.xcconfig"; path = "Pods/Target Support Files/Pods-Todey/Pods-Todey.release.xcconfig"; sourceTree = "<group>"; };
		AC4236A8B4470599F9A84177 /* Pods_Todey.framework */ = {isa = PBXFileReference; explicitFileType = wrapper.framework; includeInIndex = 0; path = Pods_Todey.framework; sourceTree = BUILT_PRODUCTS_DIR; };
		B2C7AA1D54C0CB8F2D57C594 /* Pods-Todey.debug.xcconfig */ = {isa = PBXFileReference; includeInIndex = 1; lastKnownFileType = text.xcconfig; name = "Pods-Todey.debug.xcconfig"; path = "Pods/Target Support Files/Pods-Todey/Pods-Todey.debug.xcconfig"; sourceTree = "<group>"; };
/* End PBXFileReference section */

/* Begin PBXFrameworksBuildPhase section */
		7F42FFB5203DE456002E5606 /* Frameworks */ = {
			isa = PBXFrameworksBuildPhase;
			buildActionMask = 2147483647;
			files = (
				2931709C4E911BA00F1492FA /* Pods_Todey.framework in Frameworks */,
			);
			runOnlyForDeploymentPostprocessing = 0;
		};
/* End PBXFrameworksBuildPhase section */

/* Begin PBXGroup section */
		7F42FFAF203DE456002E5606 = {
			isa = PBXGroup;
			children = (
				7F42FFBA203DE456002E5606 /* Todey */,
				7F42FFB9203DE456002E5606 /* Products */,
				A742EDC81798A1DFC0412D39 /* Pods */,
				D483653C8387B2479850952C /* Frameworks */,
			);
			sourceTree = "<group>";
		};
		7F42FFB9203DE456002E5606 /* Products */ = {
			isa = PBXGroup;
			children = (
				7F42FFB8203DE456002E5606 /* Todey.app */,
			);
			name = Products;
			sourceTree = "<group>";
		};
		7F42FFBA203DE456002E5606 /* Todey */ = {
			isa = PBXGroup;
			children = (
				7F42FFBB203DE456002E5606 /* AppDelegate.swift */,
				7F77C175204592D3005521BE /* Controllers */,
				7F77C176204592E5005521BE /* Views */,
				7F77C17720459305005521BE /* Supporting Files */,
				7F42FFC7203DE456002E5606 /* Info.plist */,
				7F77C174204592B4005521BE /* Data Model */,
			);
			path = Todey;
			sourceTree = "<group>";
		};
		7F77C174204592B4005521BE /* Data Model */ = {
			isa = PBXGroup;
			children = (
				7F2B15B8204C64DC00A6B9C2 /* Item.swift */,
				7F2B15BA204C64E900A6B9C2 /* Category.swift */,
			);
			path = "Data Model";
			sourceTree = "<group>";
		};
		7F77C175204592D3005521BE /* Controllers */ = {
			isa = PBXGroup;
			children = (
				7F6AA785204850D800BB892F /* CategoryTableViewController.swift */,
				7F42FFBD203DE456002E5606 /* ToDoListViewController.swift */,
			);
			path = Controllers;
			sourceTree = "<group>";
		};
		7F77C176204592E5005521BE /* Views */ = {
			isa = PBXGroup;
			children = (
				7F42FFBF203DE456002E5606 /* Main.storyboard */,
			);
			path = Views;
			sourceTree = "<group>";
		};
		7F77C17720459305005521BE /* Supporting Files */ = {
			isa = PBXGroup;
			children = (
				7F42FFC2203DE456002E5606 /* Assets.xcassets */,
				7F42FFC4203DE456002E5606 /* LaunchScreen.storyboard */,
			);
			path = "Supporting Files";
			sourceTree = "<group>";
		};
		A742EDC81798A1DFC0412D39 /* Pods */ = {
			isa = PBXGroup;
			children = (
				B2C7AA1D54C0CB8F2D57C594 /* Pods-Todey.debug.xcconfig */,
				8D853C608C0B73B89A3C3DBE /* Pods-Todey.release.xcconfig */,
			);
			name = Pods;
			sourceTree = "<group>";
		};
		D483653C8387B2479850952C /* Frameworks */ = {
			isa = PBXGroup;
			children = (
				AC4236A8B4470599F9A84177 /* Pods_Todey.framework */,
			);
			name = Frameworks;
			sourceTree = "<group>";
		};
/* End PBXGroup section */

/* Begin PBXNativeTarget section */
		7F42FFB7203DE456002E5606 /* Todey */ = {
			isa = PBXNativeTarget;
			buildConfigurationList = 7F42FFCA203DE456002E5606 /* Build configuration list for PBXNativeTarget "Todey" */;
			buildPhases = (
				C0C7BB17AB27AC78556385E6 /* [CP] Check Pods Manifest.lock */,
				7F42FFB4203DE456002E5606 /* Sources */,
				7F42FFB5203DE456002E5606 /* Frameworks */,
				7F42FFB6203DE456002E5606 /* Resources */,
				7E6E0D2810199BC6FBBA9389 /* [CP] Embed Pods Frameworks */,
				E725A906B42B5CC8F27E232A /* [CP] Copy Pods Resources */,
			);
			buildRules = (
			);
			dependencies = (
			);
			name = Todey;
			productName = Todey;
			productReference = 7F42FFB8203DE456002E5606 /* Todey.app */;
			productType = "com.apple.product-type.application";
		};
/* End PBXNativeTarget section */

/* Begin PBXProject section */
		7F42FFB0203DE456002E5606 /* Project object */ = {
			isa = PBXProject;
			attributes = {
				LastSwiftUpdateCheck = 0920;
				LastUpgradeCheck = 0920;
				ORGANIZATIONNAME = "Luca Lo Forte";
				TargetAttributes = {
					7F42FFB7203DE456002E5606 = {
						CreatedOnToolsVersion = 9.2;
						ProvisioningStyle = Automatic;
					};
				};
			};
			buildConfigurationList = 7F42FFB3203DE456002E5606 /* Build configuration list for PBXProject "Todey" */;
			compatibilityVersion = "Xcode 8.0";
			developmentRegion = en;
			hasScannedForEncodings = 0;
			knownRegions = (
				en,
				Base,
			);
			mainGroup = 7F42FFAF203DE456002E5606;
			productRefGroup = 7F42FFB9203DE456002E5606 /* Products */;
			projectDirPath = "";
			projectRoot = "";
			targets = (
				7F42FFB7203DE456002E5606 /* Todey */,
			);
		};
/* End PBXProject section */

/* Begin PBXResourcesBuildPhase section */
		7F42FFB6203DE456002E5606 /* Resources */ = {
			isa = PBXResourcesBuildPhase;
			buildActionMask = 2147483647;
			files = (
				7F42FFC6203DE456002E5606 /* LaunchScreen.storyboard in Resources */,
				7F42FFC3203DE456002E5606 /* Assets.xcassets in Resources */,
				7F42FFC1203DE456002E5606 /* Main.storyboard in Resources */,
			);
			runOnlyForDeploymentPostprocessing = 0;
		};
/* End PBXResourcesBuildPhase section */

/* Begin PBXShellScriptBuildPhase section */
		7E6E0D2810199BC6FBBA9389 /* [CP] Embed Pods Frameworks */ = {
			isa = PBXShellScriptBuildPhase;
			buildActionMask = 2147483647;
			files = (
			);
			inputPaths = (
				"${SRCROOT}/Pods/Target Support Files/Pods-Todey/Pods-Todey-frameworks.sh",
				"${BUILT_PRODUCTS_DIR}/Realm/Realm.framework",
				"${BUILT_PRODUCTS_DIR}/RealmSwift/RealmSwift.framework",
			);
			name = "[CP] Embed Pods Frameworks";
			outputPaths = (
				"${TARGET_BUILD_DIR}/${FRAMEWORKS_FOLDER_PATH}/Realm.framework",
				"${TARGET_BUILD_DIR}/${FRAMEWORKS_FOLDER_PATH}/RealmSwift.framework",
			);
			runOnlyForDeploymentPostprocessing = 0;
			shellPath = /bin/sh;
			shellScript = "\"${SRCROOT}/Pods/Target Support Files/Pods-Todey/Pods-Todey-frameworks.sh\"\n";
			showEnvVarsInLog = 0;
		};
		C0C7BB17AB27AC78556385E6 /* [CP] Check Pods Manifest.lock */ = {
			isa = PBXShellScriptBuildPhase;
			buildActionMask = 2147483647;
			files = (
			);
			inputPaths = (
				"${PODS_PODFILE_DIR_PATH}/Podfile.lock",
				"${PODS_ROOT}/Manifest.lock",
			);
			name = "[CP] Check Pods Manifest.lock";
			outputPaths = (
				"$(DERIVED_FILE_DIR)/Pods-Todey-checkManifestLockResult.txt",
			);
			runOnlyForDeploymentPostprocessing = 0;
			shellPath = /bin/sh;
			shellScript = "diff \"${PODS_PODFILE_DIR_PATH}/Podfile.lock\" \"${PODS_ROOT}/Manifest.lock\" > /dev/null\nif [ $? != 0 ] ; then\n    # print error to STDERR\n    echo \"error: The sandbox is not in sync with the Podfile.lock. Run 'pod install' or update your CocoaPods installation.\" >&2\n    exit 1\nfi\n# This output is used by Xcode 'outputs' to avoid re-running this script phase.\necho \"SUCCESS\" > \"${SCRIPT_OUTPUT_FILE_0}\"\n";
			showEnvVarsInLog = 0;
		};
		E725A906B42B5CC8F27E232A /* [CP] Copy Pods Resources */ = {
			isa = PBXShellScriptBuildPhase;
			buildActionMask = 2147483647;
			files = (
			);
			inputPaths = (
			);
			name = "[CP] Copy Pods Resources";
			outputPaths = (
			);
			runOnlyForDeploymentPostprocessing = 0;
			shellPath = /bin/sh;
			shellScript = "\"${SRCROOT}/Pods/Target Support Files/Pods-Todey/Pods-Todey-resources.sh\"\n";
			showEnvVarsInLog = 0;
		};
/* End PBXShellScriptBuildPhase section */

/* Begin PBXSourcesBuildPhase section */
		7F42FFB4203DE456002E5606 /* Sources */ = {
			isa = PBXSourcesBuildPhase;
			buildActionMask = 2147483647;
			files = (
				7F2B15B9204C64DC00A6B9C2 /* Item.swift in Sources */,
				7F42FFBE203DE456002E5606 /* ToDoListViewController.swift in Sources */,
				7F42FFBC203DE456002E5606 /* AppDelegate.swift in Sources */,
				7F6AA786204850D800BB892F /* CategoryTableViewController.swift in Sources */,
				7F2B15BB204C64E900A6B9C2 /* Category.swift in Sources */,
			);
			runOnlyForDeploymentPostprocessing = 0;
		};
/* End PBXSourcesBuildPhase section */

/* Begin PBXVariantGroup section */
		7F42FFBF203DE456002E5606 /* Main.storyboard */ = {
			isa = PBXVariantGroup;
			children = (
				7F42FFC0203DE456002E5606 /* Base */,
			);
			name = Main.storyboard;
			sourceTree = "<group>";
		};
		7F42FFC4203DE456002E5606 /* LaunchScreen.storyboard */ = {
			isa = PBXVariantGroup;
			children = (
				7F42FFC5203DE456002E5606 /* Base */,
			);
			name = LaunchScreen.storyboard;
			sourceTree = "<group>";
		};
/* End PBXVariantGroup section */

/* Begin XCBuildConfiguration section */
		7F42FFC8203DE456002E5606 /* Debug */ = {
			isa = XCBuildConfiguration;
			buildSettings = {
				ALWAYS_SEARCH_USER_PATHS = NO;
				CLANG_ANALYZER_NONNULL = YES;
				CLANG_ANALYZER_NUMBER_OBJECT_CONVERSION = YES_AGGRESSIVE;
				CLANG_CXX_LANGUAGE_STANDARD = "gnu++14";
				CLANG_CXX_LIBRARY = "libc++";
				CLANG_ENABLE_MODULES = YES;
				CLANG_ENABLE_OBJC_ARC = YES;
				CLANG_WARN_BLOCK_CAPTURE_AUTORELEASING = YES;
				CLANG_WARN_BOOL_CONVERSION = YES;
				CLANG_WARN_COMMA = YES;
				CLANG_WARN_CONSTANT_CONVERSION = YES;
				CLANG_WARN_DIRECT_OBJC_ISA_USAGE = YES_ERROR;
				CLANG_WARN_DOCUMENTATION_COMMENTS = YES;
				CLANG_WARN_EMPTY_BODY = YES;
				CLANG_WARN_ENUM_CONVERSION = YES;
				CLANG_WARN_INFINITE_RECURSION = YES;
				CLANG_WARN_INT_CONVERSION = YES;
				CLANG_WARN_NON_LITERAL_NULL_CONVERSION = YES;
				CLANG_WARN_OBJC_LITERAL_CONVERSION = YES;
				CLANG_WARN_OBJC_ROOT_CLASS = YES_ERROR;
				CLANG_WARN_RANGE_LOOP_ANALYSIS = YES;
				CLANG_WARN_STRICT_PROTOTYPES = YES;
				CLANG_WARN_SUSPICIOUS_MOVE = YES;
				CLANG_WARN_UNGUARDED_AVAILABILITY = YES_AGGRESSIVE;
				CLANG_WARN_UNREACHABLE_CODE = YES;
				CLANG_WARN__DUPLICATE_METHOD_MATCH = YES;
				CODE_SIGN_IDENTITY = "iPhone Developer";
				COPY_PHASE_STRIP = NO;
				DEBUG_INFORMATION_FORMAT = dwarf;
				ENABLE_STRICT_OBJC_MSGSEND = YES;
				ENABLE_TESTABILITY = YES;
				GCC_C_LANGUAGE_STANDARD = gnu11;
				GCC_DYNAMIC_NO_PIC = NO;
				GCC_NO_COMMON_BLOCKS = YES;
				GCC_OPTIMIZATION_LEVEL = 0;
				GCC_PREPROCESSOR_DEFINITIONS = (
					"DEBUG=1",
					"$(inherited)",
				);
				GCC_WARN_64_TO_32_BIT_CONVERSION = YES;
				GCC_WARN_ABOUT_RETURN_TYPE = YES_ERROR;
				GCC_WARN_UNDECLARED_SELECTOR = YES;
				GCC_WARN_UNINITIALIZED_AUTOS = YES_AGGRESSIVE;
				GCC_WARN_UNUSED_FUNCTION = YES;
				GCC_WARN_UNUSED_VARIABLE = YES;
				IPHONEOS_DEPLOYMENT_TARGET = 11.2;
				MTL_ENABLE_DEBUG_INFO = YES;
				ONLY_ACTIVE_ARCH = YES;
				SDKROOT = iphoneos;
				SWIFT_ACTIVE_COMPILATION_CONDITIONS = DEBUG;
				SWIFT_OPTIMIZATION_LEVEL = "-Onone";
			};
			name = Debug;
		};
		7F42FFC9203DE456002E5606 /* Release */ = {
			isa = XCBuildConfiguration;
			buildSettings = {
				ALWAYS_SEARCH_USER_PATHS = NO;
				CLANG_ANALYZER_NONNULL = YES;
				CLANG_ANALYZER_NUMBER_OBJECT_CONVERSION = YES_AGGRESSIVE;
				CLANG_CXX_LANGUAGE_STANDARD = "gnu++14";
				CLANG_CXX_LIBRARY = "libc++";
				CLANG_ENABLE_MODULES = YES;
				CLANG_ENABLE_OBJC_ARC = YES;
				CLANG_WARN_BLOCK_CAPTURE_AUTORELEASING = YES;
				CLANG_WARN_BOOL_CONVERSION = YES;
				CLANG_WARN_COMMA = YES;
				CLANG_WARN_CONSTANT_CONVERSION = YES;
				CLANG_WARN_DIRECT_OBJC_ISA_USAGE = YES_ERROR;
				CLANG_WARN_DOCUMENTATION_COMMENTS = YES;
				CLANG_WARN_EMPTY_BODY = YES;
				CLANG_WARN_ENUM_CONVERSION = YES;
				CLANG_WARN_INFINITE_RECURSION = YES;
				CLANG_WARN_INT_CONVERSION = YES;
				CLANG_WARN_NON_LITERAL_NULL_CONVERSION = YES;
				CLANG_WARN_OBJC_LITERAL_CONVERSION = YES;
				CLANG_WARN_OBJC_ROOT_CLASS = YES_ERROR;
				CLANG_WARN_RANGE_LOOP_ANALYSIS = YES;
				CLANG_WARN_STRICT_PROTOTYPES = YES;
				CLANG_WARN_SUSPICIOUS_MOVE = YES;
				CLANG_WARN_UNGUARDED_AVAILABILITY = YES_AGGRESSIVE;
				CLANG_WARN_UNREACHABLE_CODE = YES;
				CLANG_WARN__DUPLICATE_METHOD_MATCH = YES;
				CODE_SIGN_IDENTITY = "iPhone Developer";
				COPY_PHASE_STRIP = NO;
				DEBUG_INFORMATION_FORMAT = "dwarf-with-dsym";
				ENABLE_NS_ASSERTIONS = NO;
				ENABLE_STRICT_OBJC_MSGSEND = YES;
				GCC_C_LANGUAGE_STANDARD = gnu11;
				GCC_NO_COMMON_BLOCKS = YES;
				GCC_WARN_64_TO_32_BIT_CONVERSION = YES;
				GCC_WARN_ABOUT_RETURN_TYPE = YES_ERROR;
				GCC_WARN_UNDECLARED_SELECTOR = YES;
				GCC_WARN_UNINITIALIZED_AUTOS = YES_AGGRESSIVE;
				GCC_WARN_UNUSED_FUNCTION = YES;
				GCC_WARN_UNUSED_VARIABLE = YES;
				IPHONEOS_DEPLOYMENT_TARGET = 11.2;
				MTL_ENABLE_DEBUG_INFO = NO;
				SDKROOT = iphoneos;
				SWIFT_OPTIMIZATION_LEVEL = "-Owholemodule";
				VALIDATE_PRODUCT = YES;
			};
			name = Release;
		};
		7F42FFCB203DE456002E5606 /* Debug */ = {
			isa = XCBuildConfiguration;
			baseConfigurationReference = B2C7AA1D54C0CB8F2D57C594 /* Pods-Todey.debug.xcconfig */;
			buildSettings = {
				ASSETCATALOG_COMPILER_APPICON_NAME = AppIcon;
				CODE_SIGN_STYLE = Automatic;
				DEVELOPMENT_TEAM = 5XJF2E2NP5;
				INFOPLIST_FILE = Todey/Info.plist;
				LD_RUNPATH_SEARCH_PATHS = "$(inherited) @executable_path/Frameworks";
				PRODUCT_BUNDLE_IDENTIFIER = com.lucaloforte.Todey;
				PRODUCT_NAME = "$(TARGET_NAME)";
				SWIFT_VERSION = 4.0;
				TARGETED_DEVICE_FAMILY = "1,2";
			};
			name = Debug;
		};
		7F42FFCC203DE456002E5606 /* Release */ = {
			isa = XCBuildConfiguration;
			baseConfigurationReference = 8D853C608C0B73B89A3C3DBE /* Pods-Todey.release.xcconfig */;
			buildSettings = {
				ASSETCATALOG_COMPILER_APPICON_NAME = AppIcon;
				CODE_SIGN_STYLE = Automatic;
				DEVELOPMENT_TEAM = 5XJF2E2NP5;
				INFOPLIST_FILE = Todey/Info.plist;
				LD_RUNPATH_SEARCH_PATHS = "$(inherited) @executable_path/Frameworks";
				PRODUCT_BUNDLE_IDENTIFIER = com.lucaloforte.Todey;
				PRODUCT_NAME = "$(TARGET_NAME)";
				SWIFT_VERSION = 4.0;
				TARGETED_DEVICE_FAMILY = "1,2";
			};
			name = Release;
		};
/* End XCBuildConfiguration section */

/* Begin XCConfigurationList section */
		7F42FFB3203DE456002E5606 /* Build configuration list for PBXProject "Todey" */ = {
			isa = XCConfigurationList;
			buildConfigurations = (
				7F42FFC8203DE456002E5606 /* Debug */,
				7F42FFC9203DE456002E5606 /* Release */,
			);
			defaultConfigurationIsVisible = 0;
			defaultConfigurationName = Release;
		};
		7F42FFCA203DE456002E5606 /* Build configuration list for PBXNativeTarget "Todey" */ = {
			isa = XCConfigurationList;
			buildConfigurations = (
				7F42FFCB203DE456002E5606 /* Debug */,
				7F42FFCC203DE456002E5606 /* Release */,
			);
			defaultConfigurationIsVisible = 0;
			defaultConfigurationName = Release;
		};
/* End XCConfigurationList section */
	};
	rootObject = 7F42FFB0203DE456002E5606 /* Project object */;
}
